
Microsoft Visual Studio Solution File, Format Version 12.00
# Visual Studio 14
VisualStudioVersion = 14.0.23107.0
MinimumVisualStudioVersion = 10.0.40219.1
Project("{FAE04EC0-301F-11D3-BF4B-00C04F79EFBC}") = "4ComVacancy.WeatherTest.Web", "src\4ComVacancy.WeatherTest.Web\4ComVacancy.WeatherTest.Web.csproj", "{52CFFB04-DD12-4F51-9CF2-41676CE6281E}"
EndProject
Project("{FAE04EC0-301F-11D3-BF4B-00C04F79EFBC}") = "4ComVacancy.WeatherTest.Web.Tests", "test\4ComVacancy.WeatherTest.Web.Tests\4ComVacancy.WeatherTest.Web.Tests.csproj", "{DA177E43-38C4-490C-94D8-7AF69F4FA594}"
EndProject
Project("{FAE04EC0-301F-11D3-BF4B-00C04F79EFBC}") = "4ComVacancy.WeatherTest.MicroFramework", "src\4ComVacancy.WeatherTest.MicroFramework\4ComVacancy.WeatherTest.MicroFramework.csproj", "{CFCE7A36-B997-4E96-902E-EE22D5C0E4FB}"
EndProject
Project("{FAE04EC0-301F-11D3-BF4B-00C04F79EFBC}") = "4ComVacancy.WeatherTest.MicroFramework.Test", "test\4ComVacancy.WeatherTest.MicroFramework.Test\4ComVacancy.WeatherTest.MicroFramework.Test.csproj", "{1850801C-4D8C-4C00-80B0-2770CD659388}"
EndProject
Project("{2150E333-8FDC-42A3-9474-1A3956D46DE8}") = "src", "src", "{B85B0FD2-C404-406D-B567-5013586BC619}"
EndProject
Project("{2150E333-8FDC-42A3-9474-1A3956D46DE8}") = "test", "test", "{D7BBAF25-83D0-4C51-A519-B4B966FE99E9}"
EndProject
Project("{2150E333-8FDC-42A3-9474-1A3956D46DE8}") = "Solution Items", "Solution Items", "{C0B6BB1A-96E8-48EA-A55D-13BA5DD2F7B2}"
	ProjectSection(SolutionItems) = preProject
		.gitignore = .gitignore
		global.json = global.json
		readme.md = readme.md
	EndProjectSection
EndProject
Global
	GlobalSection(SolutionConfigurationPlatforms) = preSolution
		Debug|Any CPU = Debug|Any CPU
		Release|Any CPU = Release|Any CPU
	EndGlobalSection
	GlobalSection(ProjectConfigurationPlatforms) = postSolution
		{52CFFB04-DD12-4F51-9CF2-41676CE6281E}.Debug|Any CPU.ActiveCfg = Debug|Any CPU
		{52CFFB04-DD12-4F51-9CF2-41676CE6281E}.Debug|Any CPU.Build.0 = Debug|Any CPU
		{52CFFB04-DD12-4F51-9CF2-41676CE6281E}.Release|Any CPU.ActiveCfg = Release|Any CPU
		{52CFFB04-DD12-4F51-9CF2-41676CE6281E}.Release|Any CPU.Build.0 = Release|Any CPU
		{DA177E43-38C4-490C-94D8-7AF69F4FA594}.Debug|Any CPU.ActiveCfg = Debug|Any CPU
		{DA177E43-38C4-490C-94D8-7AF69F4FA594}.Debug|Any CPU.Build.0 = Debug|Any CPU
		{DA177E43-38C4-490C-94D8-7AF69F4FA594}.Release|Any CPU.ActiveCfg = Release|Any CPU
		{DA177E43-38C4-490C-94D8-7AF69F4FA594}.Release|Any CPU.Build.0 = Release|Any CPU
		{CFCE7A36-B997-4E96-902E-EE22D5C0E4FB}.Debug|Any CPU.ActiveCfg = Debug|Any CPU
		{CFCE7A36-B997-4E96-902E-EE22D5C0E4FB}.Debug|Any CPU.Build.0 = Debug|Any CPU
		{CFCE7A36-B997-4E96-902E-EE22D5C0E4FB}.Release|Any CPU.ActiveCfg = Release|Any CPU
		{CFCE7A36-B997-4E96-902E-EE22D5C0E4FB}.Release|Any CPU.Build.0 = Release|Any CPU
		{1850801C-4D8C-4C00-80B0-2770CD659388}.Debug|Any CPU.ActiveCfg = Debug|Any CPU
		{1850801C-4D8C-4C00-80B0-2770CD659388}.Debug|Any CPU.Build.0 = Debug|Any CPU
		{1850801C-4D8C-4C00-80B0-2770CD659388}.Release|Any CPU.ActiveCfg = Release|Any CPU
		{1850801C-4D8C-4C00-80B0-2770CD659388}.Release|Any CPU.Build.0 = Release|Any CPU
	EndGlobalSection
	GlobalSection(SolutionProperties) = preSolution
		HideSolutionNode = FALSE
	EndGlobalSection
	GlobalSection(NestedProjects) = preSolution
		{52CFFB04-DD12-4F51-9CF2-41676CE6281E} = {B85B0FD2-C404-406D-B567-5013586BC619}
		{DA177E43-38C4-490C-94D8-7AF69F4FA594} = {D7BBAF25-83D0-4C51-A519-B4B966FE99E9}
		{CFCE7A36-B997-4E96-902E-EE22D5C0E4FB} = {B85B0FD2-C404-406D-B567-5013586BC619}
		{1850801C-4D8C-4C00-80B0-2770CD659388} = {D7BBAF25-83D0-4C51-A519-B4B966FE99E9}
	EndGlobalSection
EndGlobal
